
Microsoft Visual Studio Solution File, Format Version 12.00
# Visual Studio Version 17
VisualStudioVersion = 17.1.32228.430
MinimumVisualStudioVersion = 10.0.40219.1
Project("{FAE04EC0-301F-11D3-BF4B-00C04F79EFBC}") = "GLOWING-FinalProject", "GLOWING-FinalProject\GLOWING-FinalProject.csproj", "{FE1E2236-6367-444C-8477-D39BF4E0333E}"
EndProject
Global
	GlobalSection(SolutionConfigurationPlatforms) = preSolution
		Debug|Any CPU = Debug|Any CPU
		Release|Any CPU = Release|Any CPU
	EndGlobalSection
	GlobalSection(ProjectConfigurationPlatforms) = postSolution
		{FE1E2236-6367-444C-8477-D39BF4E0333E}.Debug|Any CPU.ActiveCfg = Debug|Any CPU
		{FE1E2236-6367-444C-8477-D39BF4E0333E}.Debug|Any CPU.Build.0 = Debug|Any CPU
		{FE1E2236-6367-444C-8477-D39BF4E0333E}.Release|Any CPU.ActiveCfg = Release|Any CPU
		{FE1E2236-6367-444C-8477-D39BF4E0333E}.Release|Any CPU.Build.0 = Release|Any CPU
	EndGlobalSection
	GlobalSection(SolutionProperties) = preSolution
		HideSolutionNode = FALSE
	EndGlobalSection
	GlobalSection(ExtensibilityGlobals) = postSolution
		SolutionGuid = {618A2593-5289-4F39-ACFA-B7F9BEADA1BC}
	EndGlobalSection
EndGlobal
